
Microsoft Visual Studio Solution File, Format Version 12.00
# Visual Studio Version 17
VisualStudioVersion = 17.13.35825.156 d17.13
MinimumVisualStudioVersion = 10.0.40219.1
Project("{FAE04EC0-301F-11D3-BF4B-00C04F79EFBC}") = "Modul2", "Modul2.csproj", "{F69B3DA4-0C57-4708-9152-A2CEFD2A42ED}"
EndProject
Global
	GlobalSection(SolutionConfigurationPlatforms) = preSolution
		Debug|Any CPU = Debug|Any CPU
		Release|Any CPU = Release|Any CPU
	EndGlobalSection
	GlobalSection(ProjectConfigurationPlatforms) = postSolution
		{F69B3DA4-0C57-4708-9152-A2CEFD2A42ED}.Debug|Any CPU.ActiveCfg = Debug|Any CPU
		{F69B3DA4-0C57-4708-9152-A2CEFD2A42ED}.Debug|Any CPU.Build.0 = Debug|Any CPU
		{F69B3DA4-0C57-4708-9152-A2CEFD2A42ED}.Release|Any CPU.ActiveCfg = Release|Any CPU
		{F69B3DA4-0C57-4708-9152-A2CEFD2A42ED}.Release|Any CPU.Build.0 = Release|Any CPU
	EndGlobalSection
	GlobalSection(SolutionProperties) = preSolution
		HideSolutionNode = FALSE
	EndGlobalSection
	GlobalSection(ExtensibilityGlobals) = postSolution
		SolutionGuid = {73B9CC35-DE0C-45CC-BAEA-6A3A379D119D}
	EndGlobalSection
EndGlobal
